PODS:
  - JAUIKit (1.0.6):
    - SnapKit (~> 5.0.0)
  - SnapKit (5.0.1)

DEPENDENCIES:
  - JAUIKit (from `../`)

SPEC REPOS:
  trunk:
    - SnapKit

EXTERNAL SOURCES:
  JAUIKit:
    :path: "../"

SPEC CHECKSUMS:
  JAUIKit: c95f8ea2a345483c7492b46469c629c29294e10e
  SnapKit: 97b92857e3df3a0c71833cce143274bf6ef8e5eb

PODFILE CHECKSUM: d7088e4df7ea6b8d8537b1aeb1246ff785aefbc0

COCOAPODS: 1.11.3
